// !$*UTF8*$!
{
	archiveVersion = 1;
	classes = {
	};
	objectVersion = 50;
	objects = {

/* Begin PBXBuildFile section */
		592D320024503BCE006E05AF /* AppDelegate.swift in Sources */ = {isa = PBXBuildFile; fileRef = 592D31FF24503BCE006E05AF /* AppDelegate.swift */; };
		592D320224503BCE006E05AF /* SceneDelegate.swift in Sources */ = {isa = PBXBuildFile; fileRef = 592D320124503BCE006E05AF /* SceneDelegate.swift */; };
		592D320424503BCE006E05AF /* ViewController.swift in Sources */ = {isa = PBXBuildFile; fileRef = 592D320324503BCE006E05AF /* ViewController.swift */; };
		592D320724503BCE006E05AF /* Main.storyboard in Resources */ = {isa = PBXBuildFile; fileRef = 592D320524503BCE006E05AF /* Main.storyboard */; };
		592D320924503BD1006E05AF /* Assets.xcassets in Resources */ = {isa = PBXBuildFile; fileRef = 592D320824503BD1006E05AF /* Assets.xcassets */; };
		592D320C24503BD1006E05AF /* LaunchScreen.storyboard in Resources */ = {isa = PBXBuildFile; fileRef = 592D320A24503BD1006E05AF /* LaunchScreen.storyboard */; };
		592D32172450420D006E05AF /* AppleController.swift in Sources */ = {isa = PBXBuildFile; fileRef = 592D32162450420D006E05AF /* AppleController.swift */; };
		592D3219245042F4006E05AF /* AppleTableViewController.swift in Sources */ = {isa = PBXBuildFile; fileRef = 592D3218245042F4006E05AF /* AppleTableViewController.swift */; };
		592D321F245046B5006E05AF /* Product.swift in Sources */ = {isa = PBXBuildFile; fileRef = 592D321E245046B5006E05AF /* Product.swift */; };
		592D322124504753006E05AF /* Product_Data.swift in Sources */ = {isa = PBXBuildFile; fileRef = 592D322024504753006E05AF /* Product_Data.swift */; };
		592D322324504973006E05AF /* Models.swift in Sources */ = {isa = PBXBuildFile; fileRef = 592D322224504973006E05AF /* Models.swift */; };
		592D322524504A4C006E05AF /* ExtensionTableViewController.swift in Sources */ = {isa = PBXBuildFile; fileRef = 592D322424504A4C006E05AF /* ExtensionTableViewController.swift */; };
		592D322724504BF4006E05AF /* CategoryTableViewController.swift in Sources */ = {isa = PBXBuildFile; fileRef = 592D322624504BF4006E05AF /* CategoryTableViewController.swift */; };
		592D322B24504DA1006E05AF /* OrderTableViewController.swift in Sources */ = {isa = PBXBuildFile; fileRef = 592D322A24504DA1006E05AF /* OrderTableViewController.swift */; };
		592D322D24504EFC006E05AF /* AddToOrderDelegate.swift in Sources */ = {isa = PBXBuildFile; fileRef = 592D322C24504EFC006E05AF /* AddToOrderDelegate.swift */; };
		592D322F24504F53006E05AF /* OrderConfirmationViewController.swift in Sources */ = {isa = PBXBuildFile; fileRef = 592D322E24504F53006E05AF /* OrderConfirmationViewController.swift */; };
		592D32372450DC75006E05AF /* AppleDetailViewController.swift in Sources */ = {isa = PBXBuildFile; fileRef = 592D32362450DC75006E05AF /* AppleDetailViewController.swift */; };
/* End PBXBuildFile section */

/* Begin PBXFileReference section */
		592D31FC24503BCE006E05AF /* DevicES-M.app */ = {isa = PBXFileReference; explicitFileType = wrapper.application; includeInIndex = 0; path = "DevicES-M.app"; sourceTree = BUILT_PRODUCTS_DIR; };
		592D31FF24503BCE006E05AF /* AppDelegate.swift */ = {isa = PBXFileReference; lastKnownFileType = sourcecode.swift; path = AppDelegate.swift; sourceTree = "<group>"; };
		592D320124503BCE006E05AF /* SceneDelegate.swift */ = {isa = PBXFileReference; lastKnownFileType = sourcecode.swift; path = SceneDelegate.swift; sourceTree = "<group>"; };
		592D320324503BCE006E05AF /* ViewController.swift */ = {isa = PBXFileReference; lastKnownFileType = sourcecode.swift; path = ViewController.swift; sourceTree = "<group>"; };
		592D320624503BCE006E05AF /* Base */ = {isa = PBXFileReference; lastKnownFileType = file.storyboard; name = Base; path = Base.lproj/Main.storyboard; sourceTree = "<group>"; };
		592D320824503BD1006E05AF /* Assets.xcassets */ = {isa = PBXFileReference; lastKnownFileType = folder.assetcatalog; path = Assets.xcassets; sourceTree = "<group>"; };
		592D320B24503BD1006E05AF /* Base */ = {isa = PBXFileReference; lastKnownFileType = file.storyboard; name = Base; path = Base.lproj/LaunchScreen.storyboard; sourceTree = "<group>"; };
		592D320D24503BD1006E05AF /* Info.plist */ = {isa = PBXFileReference; lastKnownFileType = text.plist.xml; path = Info.plist; sourceTree = "<group>"; };
		592D32162450420D006E05AF /* AppleController.swift */ = {isa = PBXFileReference; lastKnownFileType = sourcecode.swift; path = AppleController.swift; sourceTree = "<group>"; };
		592D3218245042F4006E05AF /* AppleTableViewController.swift */ = {isa = PBXFileReference; lastKnownFileType = sourcecode.swift; path = AppleTableViewController.swift; sourceTree = "<group>"; };
		592D321E245046B5006E05AF /* Product.swift */ = {isa = PBXFileReference; lastKnownFileType = sourcecode.swift; path = Product.swift; sourceTree = "<group>"; };
		592D322024504753006E05AF /* Product_Data.swift */ = {isa = PBXFileReference; lastKnownFileType = sourcecode.swift; path = Product_Data.swift; sourceTree = "<group>"; };
		592D322224504973006E05AF /* Models.swift */ = {isa = PBXFileReference; lastKnownFileType = sourcecode.swift; path = Models.swift; sourceTree = "<group>"; };
		592D322424504A4C006E05AF /* ExtensionTableViewController.swift */ = {isa = PBXFileReference; lastKnownFileType = sourcecode.swift; path = ExtensionTableViewController.swift; sourceTree = "<group>"; };
		592D322624504BF4006E05AF /* CategoryTableViewController.swift */ = {isa = PBXFileReference; lastKnownFileType = sourcecode.swift; path = CategoryTableViewController.swift; sourceTree = "<group>"; };
		592D322A24504DA1006E05AF /* OrderTableViewController.swift */ = {isa = PBXFileReference; lastKnownFileType = sourcecode.swift; path = OrderTableViewController.swift; sourceTree = "<group>"; };
		592D322C24504EFC006E05AF /* AddToOrderDelegate.swift */ = {isa = PBXFileReference; lastKnownFileType = sourcecode.swift; path = AddToOrderDelegate.swift; sourceTree = "<group>"; };
		592D322E24504F53006E05AF /* OrderConfirmationViewController.swift */ = {isa = PBXFileReference; lastKnownFileType = sourcecode.swift; path = OrderConfirmationViewController.swift; sourceTree = "<group>"; };
		592D32362450DC75006E05AF /* AppleDetailViewController.swift */ = {isa = PBXFileReference; lastKnownFileType = sourcecode.swift; path = AppleDetailViewController.swift; sourceTree = "<group>"; };
/* End PBXFileReference section */

/* Begin PBXFrameworksBuildPhase section */
		592D31F924503BCE006E05AF /* Frameworks */ = {
			isa = PBXFrameworksBuildPhase;
			buildActionMask = 2147483647;
			files = (
			);
			runOnlyForDeploymentPostprocessing = 0;
		};
/* End PBXFrameworksBuildPhase section */

/* Begin PBXGroup section */
		592D31F324503BCE006E05AF = {
			isa = PBXGroup;
			children = (
				592D31FE24503BCE006E05AF /* DevicES-M */,
				592D31FD24503BCE006E05AF /* Products */,
			);
			sourceTree = "<group>";
		};
		592D31FD24503BCE006E05AF /* Products */ = {
			isa = PBXGroup;
			children = (
				592D31FC24503BCE006E05AF /* DevicES-M.app */,
			);
			name = Products;
			sourceTree = "<group>";
		};
		592D31FE24503BCE006E05AF /* DevicES-M */ = {
			isa = PBXGroup;
			children = (
				592D321424503FD1006E05AF /* Menu */,
				592D321324503FBC006E05AF /* Order */,
				592D31FF24503BCE006E05AF /* AppDelegate.swift */,
				592D320124503BCE006E05AF /* SceneDelegate.swift */,
				592D320324503BCE006E05AF /* ViewController.swift */,
				592D320524503BCE006E05AF /* Main.storyboard */,
				592D320824503BD1006E05AF /* Assets.xcassets */,
				592D320A24503BD1006E05AF /* LaunchScreen.storyboard */,
				592D320D24503BD1006E05AF /* Info.plist */,
			);
			path = "DevicES-M";
			sourceTree = "<group>";
		};
		592D321324503FBC006E05AF /* Order */ = {
			isa = PBXGroup;
			children = (
				592D322A24504DA1006E05AF /* OrderTableViewController.swift */,
				592D322C24504EFC006E05AF /* AddToOrderDelegate.swift */,
				592D322E24504F53006E05AF /* OrderConfirmationViewController.swift */,
			);
			path = Order;
			sourceTree = "<group>";
		};
		592D321424503FD1006E05AF /* Menu */ = {
			isa = PBXGroup;
			children = (
				592D321524503FE7006E05AF /* Model */,
				592D32162450420D006E05AF /* AppleController.swift */,
				592D3218245042F4006E05AF /* AppleTableViewController.swift */,
				592D322424504A4C006E05AF /* ExtensionTableViewController.swift */,
				592D322624504BF4006E05AF /* CategoryTableViewController.swift */,
				592D32362450DC75006E05AF /* AppleDetailViewController.swift */,
			);
			path = Menu;
			sourceTree = "<group>";
		};
		592D321524503FE7006E05AF /* Model */ = {
			isa = PBXGroup;
			children = (
				592D321E245046B5006E05AF /* Product.swift */,
				592D322024504753006E05AF /* Product_Data.swift */,
				592D322224504973006E05AF /* Models.swift */,
			);
			path = Model;
			sourceTree = "<group>";
		};
/* End PBXGroup section */

/* Begin PBXNativeTarget section */
		592D31FB24503BCE006E05AF /* DevicES-M */ = {
			isa = PBXNativeTarget;
			buildConfigurationList = 592D321024503BD1006E05AF /* Build configuration list for PBXNativeTarget "DevicES-M" */;
			buildPhases = (
				592D31F824503BCE006E05AF /* Sources */,
				592D31F924503BCE006E05AF /* Frameworks */,
				592D31FA24503BCE006E05AF /* Resources */,
			);
			buildRules = (
			);
			dependencies = (
			);
			name = "DevicES-M";
			productName = "DevicES-M";
			productReference = 592D31FC24503BCE006E05AF /* DevicES-M.app */;
			productType = "com.apple.product-type.application";
		};
/* End PBXNativeTarget section */

/* Begin PBXProject section */
		592D31F424503BCE006E05AF /* Project object */ = {
			isa = PBXProject;
			attributes = {
				LastSwiftUpdateCheck = 1140;
				LastUpgradeCheck = 1140;
				ORGANIZATIONNAME = "Ikemefuna Chukwunyerenwa";
				TargetAttributes = {
					592D31FB24503BCE006E05AF = {
						CreatedOnToolsVersion = 11.4.1;
					};
				};
			};
			buildConfigurationList = 592D31F724503BCE006E05AF /* Build configuration list for PBXProject "DevicES-M" */;
			compatibilityVersion = "Xcode 9.3";
			developmentRegion = en;
			hasScannedForEncodings = 0;
			knownRegions = (
				en,
				Base,
			);
			mainGroup = 592D31F324503BCE006E05AF;
			productRefGroup = 592D31FD24503BCE006E05AF /* Products */;
			projectDirPath = "";
			projectRoot = "";
			targets = (
				592D31FB24503BCE006E05AF /* DevicES-M */,
			);
		};
/* End PBXProject section */

/* Begin PBXResourcesBuildPhase section */
		592D31FA24503BCE006E05AF /* Resources */ = {
			isa = PBXResourcesBuildPhase;
			buildActionMask = 2147483647;
			files = (
				592D320C24503BD1006E05AF /* LaunchScreen.storyboard in Resources */,
				592D320924503BD1006E05AF /* Assets.xcassets in Resources */,
				592D320724503BCE006E05AF /* Main.storyboard in Resources */,
			);
			runOnlyForDeploymentPostprocessing = 0;
		};
/* End PBXResourcesBuildPhase section */

/* Begin PBXSourcesBuildPhase section */
		592D31F824503BCE006E05AF /* Sources */ = {
			isa = PBXSourcesBuildPhase;
			buildActionMask = 2147483647;
			files = (
				592D320424503BCE006E05AF /* ViewController.swift in Sources */,
				592D322524504A4C006E05AF /* ExtensionTableViewController.swift in Sources */,
				592D320024503BCE006E05AF /* AppDelegate.swift in Sources */,
				592D322F24504F53006E05AF /* OrderConfirmationViewController.swift in Sources */,
				592D32372450DC75006E05AF /* AppleDetailViewController.swift in Sources */,
				592D322B24504DA1006E05AF /* OrderTableViewController.swift in Sources */,
				592D322D24504EFC006E05AF /* AddToOrderDelegate.swift in Sources */,
				592D322724504BF4006E05AF /* CategoryTableViewController.swift in Sources */,
				592D32172450420D006E05AF /* AppleController.swift in Sources */,
				592D3219245042F4006E05AF /* AppleTableViewController.swift in Sources */,
				592D320224503BCE006E05AF /* SceneDelegate.swift in Sources */,
				592D322324504973006E05AF /* Models.swift in Sources */,
				592D321F245046B5006E05AF /* Product.swift in Sources */,
				592D322124504753006E05AF /* Product_Data.swift in Sources */,
			);
			runOnlyForDeploymentPostprocessing = 0;
		};
/* End PBXSourcesBuildPhase section */

/* Begin PBXVariantGroup section */
		592D320524503BCE006E05AF /* Main.storyboard */ = {
			isa = PBXVariantGroup;
			children = (
				592D320624503BCE006E05AF /* Base */,
			);
			name = Main.storyboard;
			sourceTree = "<group>";
		};
		592D320A24503BD1006E05AF /* LaunchScreen.storyboard */ = {
			isa = PBXVariantGroup;
			children = (
				592D320B24503BD1006E05AF /* Base */,
			);
			name = LaunchScreen.storyboard;
			sourceTree = "<group>";
		};
/* End PBXVariantGroup section */

/* Begin XCBuildConfiguration section */
		592D320E24503BD1006E05AF /* Debug */ = {
			isa = XCBuildConfiguration;
			buildSettings = {
				ALWAYS_SEARCH_USER_PATHS = NO;
				CLANG_ANALYZER_NONNULL = YES;
				CLANG_ANALYZER_NUMBER_OBJECT_CONVERSION = YES_AGGRESSIVE;
				CLANG_CXX_LANGUAGE_STANDARD = "gnu++14";
				CLANG_CXX_LIBRARY = "libc++";
				CLANG_ENABLE_MODULES = YES;
				CLANG_ENABLE_OBJC_ARC = YES;
				CLANG_ENABLE_OBJC_WEAK = YES;
				CLANG_WARN_BLOCK_CAPTURE_AUTORELEASING = YES;
				CLANG_WARN_BOOL_CONVERSION = YES;
				CLANG_WARN_COMMA = YES;
				CLANG_WARN_CONSTANT_CONVERSION = YES;
				CLANG_WARN_DEPRECATED_OBJC_IMPLEMENTATIONS = YES;
				CLANG_WARN_DIRECT_OBJC_ISA_USAGE = YES_ERROR;
				CLANG_WARN_DOCUMENTATION_COMMENTS = YES;
				CLANG_WARN_EMPTY_BODY = YES;
				CLANG_WARN_ENUM_CONVERSION = YES;
				CLANG_WARN_INFINITE_RECURSION = YES;
				CLANG_WARN_INT_CONVERSION = YES;
				CLANG_WARN_NON_LITERAL_NULL_CONVERSION = YES;
				CLANG_WARN_OBJC_IMPLICIT_RETAIN_SELF = YES;
				CLANG_WARN_OBJC_LITERAL_CONVERSION = YES;
				CLANG_WARN_OBJC_ROOT_CLASS = YES_ERROR;
				CLANG_WARN_RANGE_LOOP_ANALYSIS = YES;
				CLANG_WARN_STRICT_PROTOTYPES = YES;
				CLANG_WARN_SUSPICIOUS_MOVE = YES;
				CLANG_WARN_UNGUARDED_AVAILABILITY = YES_AGGRESSIVE;
				CLANG_WARN_UNREACHABLE_CODE = YES;
				CLANG_WARN__DUPLICATE_METHOD_MATCH = YES;
				COPY_PHASE_STRIP = NO;
				DEBUG_INFORMATION_FORMAT = dwarf;
				ENABLE_STRICT_OBJC_MSGSEND = YES;
				ENABLE_TESTABILITY = YES;
				GCC_C_LANGUAGE_STANDARD = gnu11;
				GCC_DYNAMIC_NO_PIC = NO;
				GCC_NO_COMMON_BLOCKS = YES;
				GCC_OPTIMIZATION_LEVEL = 0;
				GCC_PREPROCESSOR_DEFINITIONS = (
					"DEBUG=1",
					"$(inherited)",
				);
				GCC_WARN_64_TO_32_BIT_CONVERSION = YES;
				GCC_WARN_ABOUT_RETURN_TYPE = YES_ERROR;
				GCC_WARN_UNDECLARED_SELECTOR = YES;
				GCC_WARN_UNINITIALIZED_AUTOS = YES_AGGRESSIVE;
				GCC_WARN_UNUSED_FUNCTION = YES;
				GCC_WARN_UNUSED_VARIABLE = YES;
				IPHONEOS_DEPLOYMENT_TARGET = 13.4;
				MTL_ENABLE_DEBUG_INFO = INCLUDE_SOURCE;
				MTL_FAST_MATH = YES;
				ONLY_ACTIVE_ARCH = YES;
				SDKROOT = iphoneos;
				SWIFT_ACTIVE_COMPILATION_CONDITIONS = DEBUG;
				SWIFT_OPTIMIZATION_LEVEL = "-Onone";
			};
			name = Debug;
		};
		592D320F24503BD1006E05AF /* Release */ = {
			isa = XCBuildConfiguration;
			buildSettings = {
				ALWAYS_SEARCH_USER_PATHS = NO;
				CLANG_ANALYZER_NONNULL = YES;
				CLANG_ANALYZER_NUMBER_OBJECT_CONVERSION = YES_AGGRESSIVE;
				CLANG_CXX_LANGUAGE_STANDARD = "gnu++14";
				CLANG_CXX_LIBRARY = "libc++";
				CLANG_ENABLE_MODULES = YES;
				CLANG_ENABLE_OBJC_ARC = YES;
				CLANG_ENABLE_OBJC_WEAK = YES;
				CLANG_WARN_BLOCK_CAPTURE_AUTORELEASING = YES;
				CLANG_WARN_BOOL_CONVERSION = YES;
				CLANG_WARN_COMMA = YES;
				CLANG_WARN_CONSTANT_CONVERSION = YES;
				CLANG_WARN_DEPRECATED_OBJC_IMPLEMENTATIONS = YES;
				CLANG_WARN_DIRECT_OBJC_ISA_USAGE = YES_ERROR;
				CLANG_WARN_DOCUMENTATION_COMMENTS = YES;
				CLANG_WARN_EMPTY_BODY = YES;
				CLANG_WARN_ENUM_CONVERSION = YES;
				CLANG_WARN_INFINITE_RECURSION = YES;
				CLANG_WARN_INT_CONVERSION = YES;
				CLANG_WARN_NON_LITERAL_NULL_CONVERSION = YES;
				CLANG_WARN_OBJC_IMPLICIT_RETAIN_SELF = YES;
				CLANG_WARN_OBJC_LITERAL_CONVERSION = YES;
				CLANG_WARN_OBJC_ROOT_CLASS = YES_ERROR;
				CLANG_WARN_RANGE_LOOP_ANALYSIS = YES;
				CLANG_WARN_STRICT_PROTOTYPES = YES;
				CLANG_WARN_SUSPICIOUS_MOVE = YES;
				CLANG_WARN_UNGUARDED_AVAILABILITY = YES_AGGRESSIVE;
				CLANG_WARN_UNREACHABLE_CODE = YES;
				CLANG_WARN__DUPLICATE_METHOD_MATCH = YES;
				COPY_PHASE_STRIP = NO;
				DEBUG_INFORMATION_FORMAT = "dwarf-with-dsym";
				ENABLE_NS_ASSERTIONS = NO;
				ENABLE_STRICT_OBJC_MSGSEND = YES;
				GCC_C_LANGUAGE_STANDARD = gnu11;
				GCC_NO_COMMON_BLOCKS = YES;
				GCC_WARN_64_TO_32_BIT_CONVERSION = YES;
				GCC_WARN_ABOUT_RETURN_TYPE = YES_ERROR;
				GCC_WARN_UNDECLARED_SELECTOR = YES;
				GCC_WARN_UNINITIALIZED_AUTOS = YES_AGGRESSIVE;
				GCC_WARN_UNUSED_FUNCTION = YES;
				GCC_WARN_UNUSED_VARIABLE = YES;
				IPHONEOS_DEPLOYMENT_TARGET = 13.4;
				MTL_ENABLE_DEBUG_INFO = NO;
				MTL_FAST_MATH = YES;
				SDKROOT = iphoneos;
				SWIFT_COMPILATION_MODE = wholemodule;
				SWIFT_OPTIMIZATION_LEVEL = "-O";
				VALIDATE_PRODUCT = YES;
			};
			name = Release;
		};
		592D321124503BD1006E05AF /* Debug */ = {
			isa = XCBuildConfiguration;
			buildSettings = {
				ASSETCATALOG_COMPILER_APPICON_NAME = AppIcon;
				CODE_SIGN_STYLE = Automatic;
				INFOPLIST_FILE = "DevicES-M/Info.plist";
				LD_RUNPATH_SEARCH_PATHS = (
					"$(inherited)",
					"@executable_path/Frameworks",
				);
				PRODUCT_BUNDLE_IDENTIFIER = "ike.DevicES-M";
				PRODUCT_NAME = "$(TARGET_NAME)";
				SWIFT_VERSION = 5.0;
				TARGETED_DEVICE_FAMILY = "1,2";
			};
			name = Debug;
		};
		592D321224503BD1006E05AF /* Release */ = {
			isa = XCBuildConfiguration;
			buildSettings = {
				ASSETCATALOG_COMPILER_APPICON_NAME = AppIcon;
				CODE_SIGN_STYLE = Automatic;
				INFOPLIST_FILE = "DevicES-M/Info.plist";
				LD_RUNPATH_SEARCH_PATHS = (
					"$(inherited)",
					"@executable_path/Frameworks",
				);
				PRODUCT_BUNDLE_IDENTIFIER = "ike.DevicES-M";
				PRODUCT_NAME = "$(TARGET_NAME)";
				SWIFT_VERSION = 5.0;
				TARGETED_DEVICE_FAMILY = "1,2";
			};
			name = Release;
		};
/* End XCBuildConfiguration section */

/* Begin XCConfigurationList section */
		592D31F724503BCE006E05AF /* Build configuration list for PBXProject "DevicES-M" */ = {
			isa = XCConfigurationList;
			buildConfigurations = (
				592D320E24503BD1006E05AF /* Debug */,
				592D320F24503BD1006E05AF /* Release */,
			);
			defaultConfigurationIsVisible = 0;
			defaultConfigurationName = Release;
		};
		592D321024503BD1006E05AF /* Build configuration list for PBXNativeTarget "DevicES-M" */ = {
			isa = XCConfigurationList;
			buildConfigurations = (
				592D321124503BD1006E05AF /* Debug */,
				592D321224503BD1006E05AF /* Release */,
			);
			defaultConfigurationIsVisible = 0;
			defaultConfigurationName = Release;
		};
/* End XCConfigurationList section */
	};
	rootObject = 592D31F424503BCE006E05AF /* Project object */;
}
